Microsoft Visual Studio Solution File, Format Version 12.00
# Visual Studio Version 17
VisualStudioVersion = 17.5.2.0
MinimumVisualStudioVersion = 10.0.40219.1
Project("{FAE04EC0-301F-11D3-BF4B-00C04F79EFBC}") = "VectorMagnitud", "VectorMagnitud.csproj", "{304FE565-5720-F977-DD96-4933BE6B5E47}"
EndProject
Global
	GlobalSection(SolutionConfigurationPlatforms) = preSolution
		Debug|Any CPU = Debug|Any CPU
		Release|Any CPU = Release|Any CPU
	EndGlobalSection
	GlobalSection(ProjectConfigurationPlatforms) = postSolution
		{304FE565-5720-F977-DD96-4933BE6B5E47}.Debug|Any CPU.ActiveCfg = Debug|Any CPU
		{304FE565-5720-F977-DD96-4933BE6B5E47}.Debug|Any CPU.Build.0 = Debug|Any CPU
		{304FE565-5720-F977-DD96-4933BE6B5E47}.Release|Any CPU.ActiveCfg = Release|Any CPU
		{304FE565-5720-F977-DD96-4933BE6B5E47}.Release|Any CPU.Build.0 = Release|Any CPU
	EndGlobalSection
	GlobalSection(SolutionProperties) = preSolution
		HideSolutionNode = FALSE
	EndGlobalSection
	GlobalSection(ExtensibilityGlobals) = postSolution
		SolutionGuid = {3F889B46-80D3-4FE9-8303-CC6D9D5382D2}
	EndGlobalSection
EndGlobal
